
Microsoft Visual Studio Solution File, Format Version 12.00
# Visual Studio 15
VisualStudioVersion = 15.0.28307.1321
MinimumVisualStudioVersion = 10.0.40219.1
Project("{FAE04EC0-301F-11D3-BF4B-00C04F79EFBC}") = "Demo", "Demo\Demo.csproj", "{F495CE0E-F554-4ED2-B087-4248702A097C}"
EndProject
Project("{FAE04EC0-301F-11D3-BF4B-00C04F79EFBC}") = "Models", "Instance\Models.csproj", "{2A86CF5D-1598-470F-A2B3-8489CCE64A15}"
EndProject
Global
	GlobalSection(SolutionConfigurationPlatforms) = preSolution
		Debug|Any CPU = Debug|Any CPU
		Release|Any CPU = Release|Any CPU
	EndGlobalSection
	GlobalSection(ProjectConfigurationPlatforms) = postSolution
		{F495CE0E-F554-4ED2-B087-4248702A097C}.Debug|Any CPU.ActiveCfg = Debug|Any CPU
		{F495CE0E-F554-4ED2-B087-4248702A097C}.Debug|Any CPU.Build.0 = Debug|Any CPU
		{F495CE0E-F554-4ED2-B087-4248702A097C}.Release|Any CPU.ActiveCfg = Release|Any CPU
		{F495CE0E-F554-4ED2-B087-4248702A097C}.Release|Any CPU.Build.0 = Release|Any CPU
		{2A86CF5D-1598-470F-A2B3-8489CCE64A15}.Debug|Any CPU.ActiveCfg = Debug|Any CPU
		{2A86CF5D-1598-470F-A2B3-8489CCE64A15}.Debug|Any CPU.Build.0 = Debug|Any CPU
		{2A86CF5D-1598-470F-A2B3-8489CCE64A15}.Release|Any CPU.ActiveCfg = Release|Any CPU
		{2A86CF5D-1598-470F-A2B3-8489CCE64A15}.Release|Any CPU.Build.0 = Release|Any CPU
	EndGlobalSection
	GlobalSection(SolutionProperties) = preSolution
		HideSolutionNode = FALSE
	EndGlobalSection
	GlobalSection(ExtensibilityGlobals) = postSolution
		SolutionGuid = {72E1DD89-47A7-4F71-9AA9-6BC5302DBD77}
	EndGlobalSection
EndGlobal
