
Microsoft Visual Studio Solution File, Format Version 12.00
# Visual Studio Version 16
VisualStudioVersion = 16.0.29509.3
MinimumVisualStudioVersion = 10.0.40219.1
Project("{FAE04EC0-301F-11D3-BF4B-00C04F79EFBC}") = "Sang", "Sang\Sang.csproj", "{1F0A64BE-57DB-4805-8A91-4A5E2602FFF5}"
EndProject
Global
	GlobalSection(SolutionConfigurationPlatforms) = preSolution
		Debug|Any CPU = Debug|Any CPU
		Release|Any CPU = Release|Any CPU
	EndGlobalSection
	GlobalSection(ProjectConfigurationPlatforms) = postSolution
		{1F0A64BE-57DB-4805-8A91-4A5E2602FFF5}.Debug|Any CPU.ActiveCfg = Debug|Any CPU
		{1F0A64BE-57DB-4805-8A91-4A5E2602FFF5}.Debug|Any CPU.Build.0 = Debug|Any CPU
		{1F0A64BE-57DB-4805-8A91-4A5E2602FFF5}.Release|Any CPU.ActiveCfg = Release|Any CPU
		{1F0A64BE-57DB-4805-8A91-4A5E2602FFF5}.Release|Any CPU.Build.0 = Release|Any CPU
	EndGlobalSection
	GlobalSection(SolutionProperties) = preSolution
		HideSolutionNode = FALSE
	EndGlobalSection
	GlobalSection(ExtensibilityGlobals) = postSolution
		SolutionGuid = {BD7EAE0E-1272-4CEA-9A8B-142920EF13E4}
	EndGlobalSection
EndGlobal
